version = 1
revision = 3
requires-python = ">=3.12"

[[package]]
name = "dulwich"
version = "1.2.10"
source = { registry = "https://pypi.org/simple" }
dependencies = [
    { name = "urllib3" },
]
sdist = { url = "https://files.pythonhosted.org/packages/89/d9/e6272430ccf84739509f45006543a1babcecc55a70cbd296424901df8ed5/dulwich-1.2.10.tar.gz", hash = "sha256:106546960f592216315e56d32a92e72e67f1e86671335722f833f5ecd5b73314", size = 1310282, upload-time = "2026-07-07T00:52:05.986Z" }
wheels = [
    { url = "https://files.pythonhosted.org/packages/73/fb/af9504fed5f023194143bd059132729aad00f4608f4ed785dc1f94ff500d/dulwich-1.2.10-cp312-cp312-macosx_10_13_x86_64.whl", hash = "sha256:4bf4671061aa98e7f4d420fe5238b2ca2cb2a00a280c8f549fa92d34569971a8", size = 1371347, upload-time = "2026-07-07T00:51:20.811Z" },
    { url = "https://files.pythonhosted.org/packages/4a/3e/aff9e8b9d07f3afac9c618cd2e7529e4695375a64ebd07831462bb78c946/dulwich-1.2.10-cp312-cp312-macosx_11_0_arm64.whl", hash = "sha256:43315f1e95f7d5c1a6f2695f5534263b80678ccbfd9756101f07759a4e65850e", size = 1356141, upload-time = "2026-07-07T00:51:22.108Z" },
    { url = "https://files.pythonhosted.org/packages/89/8d/03c2692896241b94d04cbc8f4db662458864e13604e5295baf96a2b647db/dulwich-1.2.10-cp312-cp312-manylinux_2_28_aarch64.whl", hash = "sha256:699edc94fddd0a2346e41e405fd7c537072d75cb9ddb39bd47f2e8fbd56d1e4e", size = 1437999, upload-time = "2026-07-07T00:51:23.5Z" },
    { url = "https://files.pythonhosted.org/packages/43/75/b37e1c9548d7b9355971e462acf5da795c9539d8b330f4495ddf0244d99a/dulwich-1.2.10-cp312-cp312-manylinux_2_28_x86_64.whl", hash = "sha256:b2dc7c46cfeb40022d2fca9d23c3ca1aba602ee99bfb6554278f05f2aa890a0e", size = 1463581, upload-time = "2026-07-07T00:51:25.06Z" },
    { url = "https://files.pythonhosted.org/packages/32/a0/2de9d8bfd975b79e51c40394d8fb627dbffc97a4c89778eb3314b304ea6e/dulwich-1.2.10-cp312-cp312-win32.whl", hash = "sha256:9c01a6b29cedb054a16fa04adf834a6531a39450888fc7ce2b3bf0fb6cba70c4", size = 1082677, upload-time = "2026-07-07T00:51:26.578Z" },
    { url = "https://files.pythonhosted.org/packages/d1/67/49e913c54d7723c5a5bb12a38552a6db5cb691631326882ab2208a5186fa/dulwich-1.2.10-cp312-cp312-win_amd64.whl", hash = "sha256:96981c6704def4fd0f91fb9be9f613cf99ba327e2a655b8ef987f5f5245420f3", size = 1053703, upload-time = "2026-07-07T00:51:28.023Z" },
    { url = "https://files.pythonhosted.org/packages/8b/9d/6389b4209788fe46e4943492158f497ac6f7c485b83c70a4f79546d0ccc5/dulwich-1.2.10-cp313-cp313-android_24_arm64_v8a.whl", hash = "sha256:bd859654ed2e8c61c03066b739fc758b70edfcfce41344fae07f5f7f41b998b4", size = 1510472, upload-time = "2026-07-07T00:51:29.709Z" },
    { url = "https://files.pythonhosted.org/packages/b7/5c/07c64540fc713057351db05a021deec6518f57e8393e734d058be8def427/dulwich-1.2.10-cp313-cp313-android_24_x86_64.whl", hash = "sha256:adf9a780add1b6da7e6df1b609afca66733380188a3a257ea340bc080ef4637c", size = 1500010, upload-time = "2026-07-07T00:51:31.092Z" },
    { url = "https://files.pythonhosted.org/packages/20/af/4007763bde53f768ac9736f81f5af2658808181024d2afe1b99e6bb34826/dulwich-1.2.10-cp313-cp313-macosx_10_13_x86_64.whl", hash = "sha256:f337fd7dffe5e6cbff5e9a4694339b7575ed948babcc7675321efac075cb0a0e", size = 1370987, upload-time = "2026-07-07T00:51:32.553Z" },
    { url = "https://files.pythonhosted.org/packages/23/da/336440eb9bf6ca889a99c0c1bab37763714e2f56fe9553fe23f269560c58/dulwich-1.2.10-cp313-cp313-macosx_11_0_arm64.whl", hash = "sha256:ded6744fcd2fb0e1f66c811492aefcdbee169010057f2a2e034a463eb0118c80", size = 1355513, upload-time = "2026-07-07T00:51:34.027Z" },
    { url = "https://files.pythonhosted.org/packages/bf/e4/cd27a143488489c4d40b3b9fefa2fa189c49920ac226c6b11475892f6576/dulwich-1.2.10-cp313-cp313-manylinux_2_28_aarch64.whl", hash = "sha256:a16ea1a6d96db53a0089f7f6c4e6b942eff143e4de26b786aa894bf978ac148d", size = 1437157, upload-time = "2026-07-07T00:51:35.691Z" },
    { url = "https://files.pythonhosted.org/packages/45/03/44017e9b958238612aa17f8a6ad9af4ff63536cb99c8d8f4e210a8aa6866/dulwich-1.2.10-cp313-cp313-manylinux_2_28_x86_64.whl", hash = "sha256:dfe2683285a7363a0d4b16f7f6fc9ee8a57a7b1cb1c390695475b76d8ce1b0f5", size = 1462033, upload-time = "2026-07-07T00:51:37.119Z" },
    { url = "https://files.pythonhosted.org/packages/75/74/6f2ddceed5d8fa3f49235fe33afd55d92a986a3bd5ce3dbcba42907d96d4/dulwich-1.2.10-cp313-cp313-win32.whl", hash = "sha256:0840968ec6636a677b48bc6e38bf4ce2326e8f0d60cd9c9753cceeff5e23e92c", size = 1082412, upload-time = "2026-07-07T00:51:38.531Z" },
    { url = "https://files.pythonhosted.org/packages/bf/c9/bf8c3e47edb11798db7303b255d63db916877042e848808a6b5942e6624e/dulwich-1.2.10-cp313-cp313-win_amd64.whl", hash = "sha256:a2e884a93452e8e1fb4a4886d14b328bae65c7a2fa88466c0b38faa63204f34d", size = 1053583, upload-time = "2026-07-07T00:51:39.95Z" },
    { url = "https://files.pythonhosted.org/packages/d1/2d/643fcf28fb2f3118ec6b558695e4e18b0991edf64d4447bc6c5105465d4f/dulwich-1.2.10-cp314-cp314-android_24_arm64_v8a.whl", hash = "sha256:fd86069664383fc456eeb291d67dc541c7f6ab163c59da1f8e18c72283f120c5", size = 1512387, upload-time = "2026-07-07T00:51:41.629Z" },
    { url = "https://files.pythonhosted.org/packages/b7/61/c57fd318bc943f294420353fa5544d54fb8984abdd95ef24a21d8d0f5b3d/dulwich-1.2.10-cp314-cp314-android_24_x86_64.whl", hash = "sha256:e445229de65ad6c3a8e2d9934fb807453c09b94f1469d32804e19fdfdcf6fd94", size = 1502540, upload-time = "2026-07-07T00:51:43.571Z" },
    { url = "https://files.pythonhosted.org/packages/03/8e/4b284074e199193dbc1cd8d26dcc92ab8f84fb73654c05c290619cd3ed24/dulwich-1.2.10-cp314-cp314-macosx_10_15_x86_64.whl", hash = "sha256:09c36bed6f2695cf34e606c403a00c6511f87f31ed20cac68f0bacf6df21cc4b", size = 1375734, upload-time = "2026-07-07T00:51:45.642Z" },
    { url = "https://files.pythonhosted.org/packages/e4/6c/b465e1b60ab4675cbeeb8977c871c4b773bf0667d1a33dfa879e446c86c8/dulwich-1.2.10-cp314-cp314-macosx_11_0_arm64.whl", hash = "sha256:ea42aa414a53d71ae0e294003a10b17ad454ff73d345a82e47da93e977fd2ff1", size = 1358916, upload-time = "2026-07-07T00:51:47.098Z" },
    { url = "https://files.pythonhosted.org/packages/6b/e8/7efcc79c58153dff1c96dc8992a161d28288a7381eb4591c49712d112f61/dulwich-1.2.10-cp314-cp314-manylinux_2_28_aarch64.whl", hash = "sha256:5b60380225742d7292703e573ce5a86be6f69fb9088ef2965c43830479df9f90", size = 1485761, upload-time = "2026-07-07T00:51:48.407Z" },
    { url = "https://files.pythonhosted.org/packages/d0/f7/609f2fcfafc515f25948f14c349467d2c3c72a035e65470a8cc4fa4fa7da/dulwich-1.2.10-cp314-cp314-manylinux_2_28_x86_64.whl", hash = "sha256:c321650fc9fa0b3e614607f0a229523491153d0ab00502366ac93b022d3c7f6c", size = 1513339, upload-time = "2026-07-07T00:51:49.884Z" },
    { url = "https://files.pythonhosted.org/packages/90/53/df8b6c6168e7e1bab5b33dbee0c82d99ab94021493e5d1f1445d15eb1c61/dulwich-1.2.10-cp314-cp314-win32.whl", hash = "sha256:834df23dca29e5adc5310b1b73eb573ad805fd0f39987e86afda2d81bfe24ab1", size = 1046718, upload-time = "2026-07-07T00:51:51.403Z" },
    { url = "https://files.pythonhosted.org/packages/5a/da/5497cc3be68fa62626da0111b88dfa1a296907fe67c3cd57ff65bd67c7bf/dulwich-1.2.10-cp314-cp314-win_amd64.whl", hash = "sha256:abd8ffeec9c151cea62aafd25260ac7141a7ea56ce363dfc72cddf63396e8d02", size = 1106937, upload-time = "2026-07-07T00:51:52.853Z" },
    { url = "https://files.pythonhosted.org/packages/1e/af/b88671fdc6cb3f0732d0bef0bfdc2937370dcef605c14d90d2d63f7b7c34/dulwich-1.2.10-cp314-cp314t-macosx_10_15_x86_64.whl", hash = "sha256:d5fd557539c982aabe15f7a14cff3d8786cdb62578d6f90f7871379fa3453260", size = 1421051, upload-time = "2026-07-07T00:51:55.65Z" },
    { url = "https://files.pythonhosted.org/packages/17/0d/0d5d1f92c3589772d6f367be9251c417e35890ca7b5e461ed90f11e1615f/dulwich-1.2.10-cp314-cp314t-macosx_11_0_arm64.whl", hash = "sha256:66cb00f1298e4e0dd254ff6a68554577020b4b810b4a31083409baea62f8b1df", size = 1359050, upload-time = "2026-07-07T00:51:57.002Z" },
    { url = "https://files.pythonhosted.org/packages/bf/23/0b1a354cbaa574596e0bde8171b452ec7882765fcef283dcd2f4d8bf93b0/dulwich-1.2.10-cp314-cp314t-manylinux_2_28_aarch64.whl", hash = "sha256:eca947467a28992088a0461c408791b405153294887accb92f64d60f9cc04758", size = 1440306, upload-time = "2026-07-07T00:51:58.39Z" },
    { url = "https://files.pythonhosted.org/packages/e6/14/0178b5f8a9ccaa7ae434d0c931d2c792b1243a1ea2d98a08646a936f132e/dulwich-1.2.10-cp314-cp314t-manylinux_2_28_x86_64.whl", hash = "sha256:7712da64d7cad219c77aa4216d46a1b14876ed078b2a88621462d2834f4f85b3", size = 1466689, upload-time = "2026-07-07T00:51:59.738Z" },
    { url = "https://files.pythonhosted.org/packages/9e/ac/10ba0dbe9cf3112d3b6fc8305b731798734017762200ac9fb75a0fc297be/dulwich-1.2.10-cp314-cp314t-win32.whl", hash = "sha256:52cfbd70f178b5ad770b9a1aee8a757aeda0e7282ae72cd546a98e6b9b0816cb", size = 1046430, upload-time = "2026-07-07T00:52:01.532Z" },
    { url = "https://files.pythonhosted.org/packages/34/d3/2bc63e9ef4a3248595b8f02bfee22bf9df77adb181a53716fd81305d2665/dulwich-1.2.10-cp314-cp314t-win_amd64.whl", hash = "sha256:38478aa5d1821fd3d41e1ec7c65fb9a55d302d041635079db11118b79109054f", size = 1063788, upload-time = "2026-07-07T00:52:03.026Z" },
    { url = "https://files.pythonhosted.org/packages/d1/f5/efdcbd50a4480083d8d049ea1c49095097802599f7ecd2dc92942af7f4c4/dulwich-1.2.10-py3-none-any.whl", hash = "sha256:b9f18afbe8e6f6a380b199df3d2da14312b4eac4ee34ee77c6f61c56bd2693ed", size = 711548, upload-time = "2026-07-07T00:52:04.539Z" },
]

[[package]]
name = "repl-nix-workspace"
version = "0.1.0"
source = { virtual = "." }
dependencies = [
    { name = "dulwich" },
]

[package.metadata]
requires-dist = [{ name = "dulwich", specifier = ">=1.2.10" }]

[[package]]
name = "urllib3"
version = "2.7.0"
source = { registry = "https://pypi.org/simple" }
sdist = { url = "https://files.pythonhosted.org/packages/53/0c/06f8b233b8fd13b9e5ee11424ef85419ba0d8ba0b3138bf360be2ff56953/urllib3-2.7.0.tar.gz", hash = "sha256:231e0ec3b63ceb14667c67be60f2f2c40a518cb38b03af60abc813da26505f4c", size = 433602, upload-time = "2026-05-07T16:13:18.596Z" }
wheels = [
    { url = "https://files.pythonhosted.org/packages/7f/3e/5db95bcf282c52709639744ca2a8b149baccf648e39c8cc87553df9eae0c/urllib3-2.7.0-py3-none-any.whl", hash = "sha256:9fb4c81ebbb1ce9531cce37674bbc6f1360472bc18ca9a553ede278ef7276897", size = 131087, upload-time = "2026-05-07T16:13:17.151Z" },
]
